{
  "version": 4,
  "terraform_version": "0.13.6",
  "serial": 6,
  "lineage": "7385d232-671f-2673-f3a0-4c683eb456a1",
  "outputs": {},
  "resources": [
    {
      "mode": "data",
      "type": "google_container_cluster",
      "name": "primary",
      "provider": "provider[\"registry.terraform.io/hashicorp/google\"]",
      "instances": [
        {
          "schema_version": 0,
          "attributes": {
            "addons_config": null,
            "authenticator_groups_config": null,
            "cluster_autoscaling": null,
            "cluster_ipv4_cidr": null,
            "confidential_nodes": null,
            "database_encryption": null,
            "datapath_provider": null,
            "default_max_pods_per_node": null,
            "default_snat_status": null,
            "description": null,
            "enable_autopilot": null,
            "enable_binary_authorization": null,
            "enable_intranode_visibility": null,
            "enable_kubernetes_alpha": null,
            "enable_legacy_abac": null,
            "enable_shielded_nodes": null,
            "enable_tpu": null,
            "endpoint": null,
            "id": null,
            "initial_node_count": null,
            "ip_allocation_policy": null,
            "label_fingerprint": null,
            "location": null,
            "logging_config": null,
            "logging_service": null,
            "maintenance_policy": null,
            "master_auth": null,
            "master_authorized_networks_config": null,
            "master_version": null,
            "min_master_version": null,
            "monitoring_config": null,
            "monitoring_service": null,
            "name": null,
            "network": null,
            "network_policy": null,
            "networking_mode": null,
            "node_config": null,
            "node_locations": null,
            "node_pool": null,
            "node_version": null,
            "operation": null,
            "private_cluster_config": null,
            "private_ipv6_google_access": null,
            "project": null,
            "release_channel": null,
            "remove_default_node_pool": null,
            "resource_labels": null,
            "resource_usage_export_config": null,
            "self_link": null,
            "services_ipv4_cidr": null,
            "subnetwork": null,
            "tpu_ipv4_cidr_block": null,
            "vertical_pod_autoscaling": null,
            "workload_identity_config": null
          }
        }
      ]
    },
    {
      "mode": "managed",
      "type": "google_compute_network",
      "name": "vpc",
      "provider": "provider[\"registry.terraform.io/hashicorp/google\"]",
      "instances": [
        {
          "schema_version": 0,
          "attributes": {
            "auto_create_subnetworks": false,
            "delete_default_routes_on_create": false,
            "description": "",
            "gateway_ipv4": "",
            "id": "projects/infra-333911/global/networks/test-vpc",
            "mtu": 0,
            "name": "test-vpc",
            "project": "infra-333911",
            "routing_mode": "REGIONAL",
            "self_link": "https://www.googleapis.com/compute/v1/projects/infra-333911/global/networks/test-vpc",
            "timeouts": null
          },
          "private": "eyJlMmJmYjczMC1lY2FhLTExZTYtOGY4OC0zNDM2M2JjN2M0YzAiOnsiY3JlYXRlIjoyNDAwMDAwMDAwMDAsImRlbGV0ZSI6MjQwMDAwMDAwMDAwLCJ1cGRhdGUiOjI0MDAwMDAwMDAwMH19"
        }
      ]
    },
    {
      "mode": "managed",
      "type": "google_compute_subnetwork",
      "name": "subnet",
      "provider": "provider[\"registry.terraform.io/hashicorp/google\"]",
      "instances": [
        {
          "schema_version": 0,
          "attributes": {
            "creation_timestamp": "2021-12-15T04:20:37.642-08:00",
            "description": "",
            "external_ipv6_prefix": "",
            "fingerprint": null,
            "gateway_address": "10.10.0.1",
            "id": "projects/infra-333911/regions/us-west2/subnetworks/test-subnet",
            "ip_cidr_range": "10.10.0.0/24",
            "ipv6_access_type": "",
            "ipv6_cidr_range": "",
            "log_config": [],
            "name": "test-subnet",
            "network": "https://www.googleapis.com/compute/v1/projects/infra-333911/global/networks/test-vpc",
            "private_ip_google_access": false,
            "private_ipv6_google_access": "DISABLE_GOOGLE_ACCESS",
            "project": "infra-333911",
            "purpose": "PRIVATE",
            "region": "us-west2",
            "role": "",
            "secondary_ip_range": [],
            "self_link": "https://www.googleapis.com/compute/v1/projects/infra-333911/regions/us-west2/subnetworks/test-subnet",
            "stack_type": "IPV4_ONLY",
            "timeouts": null
          },
          "private": "eyJlMmJmYjczMC1lY2FhLTExZTYtOGY4OC0zNDM2M2JjN2M0YzAiOnsiY3JlYXRlIjozNjAwMDAwMDAwMDAsImRlbGV0ZSI6MzYwMDAwMDAwMDAwLCJ1cGRhdGUiOjM2MDAwMDAwMDAwMH19",
          "dependencies": [
            "google_compute_network.vpc"
          ]
        }
      ]
    },
    {
      "mode": "managed",
      "type": "google_container_cluster",
      "name": "primary",
      "provider": "provider[\"registry.terraform.io/hashicorp/google\"]",
      "instances": [
        {
          "schema_version": 1,
          "attributes": {
            "addons_config": [
              {
                "cloudrun_config": [],
                "horizontal_pod_autoscaling": [],
                "http_load_balancing": [],
                "network_policy_config": [
                  {
                    "disabled": true
                  }
                ]
              }
            ],
            "authenticator_groups_config": [],
            "cluster_autoscaling": [
              {
                "auto_provisioning_defaults": [],
                "enabled": false,
                "resource_limits": []
              }
            ],
            "cluster_ipv4_cidr": "10.196.0.0/14",
            "confidential_nodes": [],
            "database_encryption": [
              {
                "key_name": "",
                "state": "DECRYPTED"
              }
            ],
            "datapath_provider": "",
            "default_max_pods_per_node": null,
            "default_snat_status": [
              {
                "disabled": false
              }
            ],
            "description": "",
            "enable_autopilot": false,
            "enable_binary_authorization": false,
            "enable_intranode_visibility": false,
            "enable_kubernetes_alpha": false,
            "enable_legacy_abac": false,
            "enable_shielded_nodes": true,
            "enable_tpu": false,
            "endpoint": "34.102.12.207",
            "id": "projects/infra-333911/locations/us-west2/clusters/test-gke",
            "initial_node_count": 1,
            "ip_allocation_policy": [],
            "label_fingerprint": "a9dc16a7",
            "location": "us-west2",
            "logging_config": [
              {
                "enable_components": [
                  "SYSTEM_COMPONENTS",
                  "WORKLOADS"
                ]
              }
            ],
            "logging_service": "logging.googleapis.com/kubernetes",
            "maintenance_policy": [],
            "master_auth": [
              {
                "client_certificate": "",
                "client_certificate_config": [
                  {
                    "issue_client_certificate": false
                  }
                ],
                "client_key": "",
                "cluster_ca_certificate": "LS0tLS1CRUdJTiBDRVJUSUZJQ0FURS0tLS0tCk1JSUVMVENDQXBXZ0F3SUJBZ0lSQVBQcitVOTNPZjVwSTd4OUxqenJhb3N3RFFZSktvWklodmNOQVFFTEJRQXcKTHpFdE1Dc0dBMVVFQXhNa1pqRXlZek01TmpBdFpUaGpZaTAwTXpGaExUa3dPVFF0TlRGbFkyWTRPR1ZpWm1ObQpNQ0FYRFRJeE1USXhOVEV4TWpBMU5Gb1lEekl3TlRFeE1qQTRNVEl5TURVMFdqQXZNUzB3S3dZRFZRUURFeVJtCk1USmpNemsyTUMxbE9HTmlMVFF6TVdFdE9UQTVOQzAxTVdWalpqZzRaV0ptWTJZd2dnR2lNQTBHQ1NxR1NJYjMKRFFFQkFRVUFBNElCandBd2dnR0tBb0lCZ1FESDl6dGFGYnRIamdpMnN1c0tZR1hCbUgzMy9sR3YyTDUxY1JqNwptV3NNQ0hDU1VVRHVsRm8wbXpEK1NITTVUbkR1SUFGRkJLajJsdlhQR29iVkRsN3N2ODBYK1VYZERGTHZKOVBCCkVVWTJGU1NLeVhIbi9GN2E2YlB2TGEyTlpDbjhTdzNCQUJEdzJoSkx2cDVySlg1K2tJUk5HNndzRGtoQUVYOUUKVDFhVlpyM0RRWHF1bVljM3R6dE5GTzBpWEtRL0xkS0MwRGpqZ0J5RVl0WlVYcmNzNUFLR21TYytuTmhmYzQ0RQpYV3Z4MTJuZGhJdUFPUlZsNnBsVGttdFdsQ3I2MWJzOXhnZFcrYlNlT0VhUGFYbjJScDVhNVhlY0FoTEtmMEU4ClJPNjZ2Q1RNSGl2b0IxbThwVXAwS1pYbDAvQW1sUmpFandIdC85Q3YrRTJSYklkR1dIZWp4WkJKaC9WM0p3SVYKVE0yd3ZWZGdlYk4vM2tMR0Zac0ovS3dPTG1Icjl3TU5QKzlkOGFkUzJOS3JRbVVCbnhuQzFCOU1iRzZDU0t5eApzWFNaaUlZTXpIUXNzUHVtSDljd0NuVlpya1dhbVFGU0ZOWm1Ld1ZTL2xMbHB4Q1dXbEJyRTY3RmxoR0I2TFJiCmJEMWFDRWZoUmphNXFETnRkRnVzc00rNTFnVUNBd0VBQWFOQ01FQXdEZ1lEVlIwUEFRSC9CQVFEQWdJRU1BOEcKQTFVZEV3RUIvd1FGTUFNQkFmOHdIUVlEVlIwT0JCWUVGQmJndXpsSUdyT3ZFUk80dHMvdVFoMzZPeVlhTUEwRwpDU3FHU0liM0RRRUJDd1VBQTRJQmdRRERjWGFmUEp5eE4zaVNVZFA0UG5uekZQU2tRRDBjbHYxUkllclJ2b0EwClk3S2o1bmRQRVRBMzZURHluaWI2WUlTY0VTWHByRjE4VFl4cjY0TG9kd0o1bDZFQnJpdndHZkgwMGJoWGtNeE8KNFN6V2I0OWhJVnl3NWRwV0M5TFRqL0pUbUcweE1RbWgvRGxnd05pUE1JVFREWDlEaVQvbFFYbFljY0xZQ3N1UQpDa1l0M2dyY0JxSWJjSEJvdFBJVEs3b1pRM3JHNi9uUnFUak9EWFZuTWdoR3laTGFNazdZMVkwSDNkbWlaeTl4CnFzVmN5ZkpMQjRJM05zK3hpV3ZpV3JvbzY1Wmx2TlNJWVpTbEl0K1UwSFdCZ1IwcDRPWG9jeENEK2dtUllGb2QKUjU1U1VzVTF3cnhhSGJwcGlNZlJmYnNmKzlJdmZPanBza2k0b3NnOFFkQjlLQjZQMUMyT2xHTG1rb3ZHbVo3VAo5NTZpUWwzZmdUdEVxTlJ3NW5UOGYrTU5vWG9POVRnSi9QSmllU09xdTZSUjlBbTl1WmNqQnc1UktnUmpvVThGCk5GTWpqcFZnWHRoK0JtYWlQZEVsMW81dnNNNU9kOHJOYnFuNlg5N015R0xhakRZNjdiQmg0ZWZEYmZDYm00QWsKd2x6Y0FyZFc0bGN2YnhJRytWQXNLYmc9Ci0tLS0tRU5EIENFUlRJRklDQVRFLS0tLS0K"
              }
            ],
            "master_authorized_networks_config": [],
            "master_version": "1.21.5-gke.1302",
            "min_master_version": null,
            "monitoring_config": [
              {
                "enable_components": [
                  "SYSTEM_COMPONENTS"
                ]
              }
            ],
            "monitoring_service": "monitoring.googleapis.com/kubernetes",
            "name": "test-gke",
            "network": "projects/infra-333911/global/networks/test-vpc",
            "network_policy": [
              {
                "enabled": false,
                "provider": "PROVIDER_UNSPECIFIED"
              }
            ],
            "networking_mode": "ROUTES",
            "node_config": [],
            "node_locations": [
              "us-west2-a",
              "us-west2-b",
              "us-west2-c"
            ],
            "node_pool": [],
            "node_version": "1.21.5-gke.1302",
            "operation": null,
            "private_cluster_config": [],
            "private_ipv6_google_access": "",
            "project": "infra-333911",
            "release_channel": [
              {
                "channel": "REGULAR"
              }
            ],
            "remove_default_node_pool": true,
            "resource_labels": null,
            "resource_usage_export_config": [],
            "self_link": "https://container.googleapis.com/v1/projects/infra-333911/locations/us-west2/clusters/test-gke",
            "services_ipv4_cidr": "10.199.240.0/20",
            "subnetwork": "projects/infra-333911/regions/us-west2/subnetworks/test-subnet",
            "timeouts": null,
            "tpu_ipv4_cidr_block": "",
            "vertical_pod_autoscaling": [],
            "workload_identity_config": []
          },
          "private": "eyJlMmJmYjczMC1lY2FhLTExZTYtOGY4OC0zNDM2M2JjN2M0YzAiOnsiY3JlYXRlIjoyNDAwMDAwMDAwMDAwLCJkZWxldGUiOjI0MDAwMDAwMDAwMDAsInJlYWQiOjI0MDAwMDAwMDAwMDAsInVwZGF0ZSI6MzYwMDAwMDAwMDAwMH0sInNjaGVtYV92ZXJzaW9uIjoiMSJ9",
          "dependencies": [
            "google_compute_network.vpc",
            "google_compute_subnetwork.subnet"
          ]
        }
      ]
    },
    {
      "mode": "managed",
      "type": "google_container_node_pool",
      "name": "primary_preemptible_nodes",
      "provider": "provider[\"registry.terraform.io/hashicorp/google\"]",
      "instances": [
        {
          "schema_version": 1,
          "attributes": {
            "autoscaling": [],
            "cluster": "test-gke",
            "id": "projects/infra-333911/locations/us-west2/clusters/test-gke/nodePools/node-pool",
            "initial_node_count": 1,
            "instance_group_urls": [
              "https://www.googleapis.com/compute/v1/projects/infra-333911/zones/us-west2-b/instanceGroupManagers/gke-test-gke-node-pool-14e819aa-grp",
              "https://www.googleapis.com/compute/v1/projects/infra-333911/zones/us-west2-c/instanceGroupManagers/gke-test-gke-node-pool-b4623b2c-grp",
              "https://www.googleapis.com/compute/v1/projects/infra-333911/zones/us-west2-a/instanceGroupManagers/gke-test-gke-node-pool-fdb820ee-grp"
            ],
            "location": "us-west2",
            "managed_instance_group_urls": [
              "https://www.googleapis.com/compute/v1/projects/infra-333911/zones/us-west2-b/instanceGroups/gke-test-gke-node-pool-14e819aa-grp",
              "https://www.googleapis.com/compute/v1/projects/infra-333911/zones/us-west2-c/instanceGroups/gke-test-gke-node-pool-b4623b2c-grp",
              "https://www.googleapis.com/compute/v1/projects/infra-333911/zones/us-west2-a/instanceGroups/gke-test-gke-node-pool-fdb820ee-grp"
            ],
            "management": [
              {
                "auto_repair": true,
                "auto_upgrade": true
              }
            ],
            "max_pods_per_node": null,
            "name": "node-pool",
            "name_prefix": "",
            "node_config": [
              {
                "disk_size_gb": 100,
                "disk_type": "pd-standard",
                "gcfs_config": [],
                "guest_accelerator": [],
                "image_type": "COS_CONTAINERD",
                "labels": {},
                "local_ssd_count": 0,
                "machine_type": "e2-medium",
                "metadata": {
                  "disable-legacy-endpoints": "true"
                },
                "min_cpu_platform": "",
                "node_group": "",
                "oauth_scopes": [
                  "https://www.googleapis.com/auth/logging.write",
                  "https://www.googleapis.com/auth/monitoring"
                ],
                "preemptible": true,
                "service_account": "default",
                "shielded_instance_config": [
                  {
                    "enable_integrity_monitoring": true,
                    "enable_secure_boot": false
                  }
                ],
                "tags": null,
                "taint": [],
                "workload_metadata_config": []
              }
            ],
            "node_count": 1,
            "node_locations": [
              "us-west2-a",
              "us-west2-b",
              "us-west2-c"
            ],
            "operation": null,
            "project": "infra-333911",
            "timeouts": null,
            "upgrade_settings": [
              {
                "max_surge": 1,
                "max_unavailable": 0
              }
            ],
            "version": "1.21.5-gke.1302"
          },
          "private": "eyJlMmJmYjczMC1lY2FhLTExZTYtOGY4OC0zNDM2M2JjN2M0YzAiOnsiY3JlYXRlIjoxODAwMDAwMDAwMDAwLCJkZWxldGUiOjE4MDAwMDAwMDAwMDAsInVwZGF0ZSI6MTgwMDAwMDAwMDAwMH0sInNjaGVtYV92ZXJzaW9uIjoiMSJ9",
          "dependencies": [
            "google_compute_network.vpc",
            "google_compute_subnetwork.subnet",
            "google_container_cluster.primary"
          ]
        }
      ]
    },
    {
      "mode": "managed",
      "type": "null_resource",
      "name": "get-credentials",
      "provider": "provider[\"registry.terraform.io/hashicorp/null\"]",
      "instances": [
        {
          "schema_version": 0,
          "attributes": {
            "id": "7745825985572905802",
            "triggers": null
          },
          "private": "bnVsbA==",
          "dependencies": [
            "google_compute_network.vpc",
            "google_compute_subnetwork.subnet",
            "google_container_cluster.primary"
          ]
        }
      ]
    }
  ]
}
