{
  "version": 4,
  "terraform_version": "0.12.24",
  "serial": 102,
  "lineage": "58e3358f-7dde-0b6b-b5f2-8ef06cf50b4e",
  "outputs": {},
  "resources": [
    {
      "mode": "managed",
      "type": "github_branch_protection",
      "name": "repository",
      "each": "map",
      "provider": "provider.github",
      "instances": [
        {
          "index_key": "one",
          "schema_version": 0,
          "attributes": {
            "branch": "master",
            "enforce_admins": true,
            "etag": "W/\"bdca8e937f9f7aa63f0d740222e80d9e4895bfd11cb0e3c863236480e5534f2b\"",
            "id": "staging-repo:master",
            "repository": "staging-repo",
            "require_signed_commits": false,
            "required_pull_request_reviews": [
              {
                "dismiss_stale_reviews": true,
                "dismissal_teams": null,
                "dismissal_users": null,
                "include_admins": false,
                "require_code_owner_reviews": false,
                "required_approving_review_count": 1
              }
            ],
            "required_status_checks": [
              {
                "contexts": [
                  "ci/travis"
                ],
                "include_admins": false,
                "strict": true
              }
            ],
            "restrictions": []
          },
          "private": "bnVsbA==",
          "dependencies": [
            "github_repository.repository"
          ]
        },
        {
          "index_key": "two",
          "schema_version": 0,
          "attributes": {
            "branch": "master",
            "enforce_admins": true,
            "etag": "W/\"a7407f521dc9cf06c1d8a8aec10d7ded8733466653c69bd29a2ea7908e1d925f\"",
            "id": "devlop-repo:master",
            "repository": "devlop-repo",
            "require_signed_commits": false,
            "required_pull_request_reviews": [
              {
                "dismiss_stale_reviews": true,
                "dismissal_teams": null,
                "dismissal_users": null,
                "include_admins": false,
                "require_code_owner_reviews": false,
                "required_approving_review_count": 1
              }
            ],
            "required_status_checks": [
              {
                "contexts": [
                  "ci/travis"
                ],
                "include_admins": false,
                "strict": true
              }
            ],
            "restrictions": []
          },
          "private": "bnVsbA==",
          "dependencies": [
            "github_repository.repository"
          ]
        }
      ]
    },
    {
      "mode": "managed",
      "type": "github_membership",
      "name": "member",
      "provider": "provider.github",
      "instances": [
        {
          "schema_version": 0,
          "attributes": {
            "etag": "W/\"149268dfc2c14cd06cd9eff12cbb4c37e56870a93b91f71be68fe496b555d0c9\"",
            "id": "nidhiairi-local-organisation:nidhiairi",
            "role": "admin",
            "username": "nidhiairi"
          }
        }
      ]
    },
    {
      "mode": "managed",
      "type": "github_repository",
      "name": "repository",
      "each": "map",
      "provider": "provider.github",
      "instances": [
        {
          "index_key": "one",
          "schema_version": 0,
          "attributes": {
            "allow_merge_commit": true,
            "allow_rebase_merge": true,
            "allow_squash_merge": true,
            "archived": false,
            "auto_init": true,
            "default_branch": "main",
            "delete_branch_on_merge": false,
            "description": "This repository is created using terraform.",
            "etag": "W/\"64327f39a010eb18412455e69c3bb61c68410406cad80805fc18627ba910c26c\"",
            "full_name": "local-organisation/staging-repo",
            "git_clone_url": "git://github.com/local-organisation/staging-repo.git",
            "gitignore_template": null,
            "has_downloads": false,
            "has_issues": false,
            "has_projects": false,
            "has_wiki": false,
            "homepage_url": "",
            "html_url": "https://github.com/local-organisation/staging-repo",
            "http_clone_url": "https://github.com/local-organisation/staging-repo.git",
            "id": "staging-repo",
            "is_template": false,
            "license_template": "mit",
            "name": "staging-repo",
            "node_id": "R_kgDOGjK4Tg",
            "private": false,
            "ssh_clone_url": "git@github.com:local-organisation/staging-repo.git",
            "svn_url": "https://github.com/local-organisation/staging-repo",
            "template": [],
            "topics": null
          },
          "private": "bnVsbA=="
        },
        {
          "index_key": "two",
          "schema_version": 0,
          "attributes": {
            "allow_merge_commit": true,
            "allow_rebase_merge": true,
            "allow_squash_merge": true,
            "archived": false,
            "auto_init": true,
            "default_branch": "main",
            "delete_branch_on_merge": false,
            "description": "This repository is created using terraform.",
            "etag": "W/\"032f50d76f3b7c566e34bbdcc61bb827acf191877ca7b123fd853c861b248ee1\"",
            "full_name": "local-organisation/devlop-repo",
            "git_clone_url": "git://github.com/local-organisation/devlop-repo.git",
            "gitignore_template": null,
            "has_downloads": false,
            "has_issues": false,
            "has_projects": false,
            "has_wiki": false,
            "homepage_url": "",
            "html_url": "https://github.com/local-organisation/devlop-repo",
            "http_clone_url": "https://github.com/local-organisation/devlop-repo.git",
            "id": "devlop-repo",
            "is_template": false,
            "license_template": "mit",
            "name": "devlop-repo",
            "node_id": "R_kgDOGjK4Uw",
            "private": false,
            "ssh_clone_url": "git@github.com:local-organisation/devlop-repo.git",
            "svn_url": "https://github.com/local-organisation/devlop-repo",
            "template": [],
            "topics": null
          },
          "private": "bnVsbA=="
        }
      ]
    }
  ]
}
